
Microsoft Visual Studio Solution File, Format Version 12.00
Project("{FAE04EC0-301F-11D3-BF4B-00C04F79EFBC}") = "CS2Knife", "CS2Knife\CS2Knife.csproj", "{F3E98082-0B08-46E9-89DA-B2144F22A23B}"
EndProject
Global
	GlobalSection(SolutionConfigurationPlatforms) = preSolution
		Debug|Any CPU = Debug|Any CPU
		Release|Any CPU = Release|Any CPU
	EndGlobalSection
	GlobalSection(ProjectConfigurationPlatforms) = postSolution
		{F3E98082-0B08-46E9-89DA-B2144F22A23B}.Debug|Any CPU.ActiveCfg = Debug|Any CPU
		{F3E98082-0B08-46E9-89DA-B2144F22A23B}.Debug|Any CPU.Build.0 = Debug|Any CPU
		{F3E98082-0B08-46E9-89DA-B2144F22A23B}.Release|Any CPU.ActiveCfg = Release|Any CPU
		{F3E98082-0B08-46E9-89DA-B2144F22A23B}.Release|Any CPU.Build.0 = Release|Any CPU
	EndGlobalSection
EndGlobal
